
Microsoft Visual Studio Solution File, Format Version 12.00
# Visual Studio 15
VisualStudioVersion = 15.0.28307.1525
MinimumVisualStudioVersion = 10.0.40219.1
Project("{FAE04EC0-301F-11D3-BF4B-00C04F79EFBC}") = "MasterBarang030", "MasterBarang030\MasterBarang030.csproj", "{6F65CB7A-9C4D-4595-81BE-94ED76E7EB63}"
EndProject
Global
	GlobalSection(SolutionConfigurationPlatforms) = preSolution
		Debug|Any CPU = Debug|Any CPU
		Release|Any CPU = Release|Any CPU
	EndGlobalSection
	GlobalSection(ProjectConfigurationPlatforms) = postSolution
		{6F65CB7A-9C4D-4595-81BE-94ED76E7EB63}.Debug|Any CPU.ActiveCfg = Debug|Any CPU
		{6F65CB7A-9C4D-4595-81BE-94ED76E7EB63}.Debug|Any CPU.Build.0 = Debug|Any CPU
		{6F65CB7A-9C4D-4595-81BE-94ED76E7EB63}.Release|Any CPU.ActiveCfg = Release|Any CPU
		{6F65CB7A-9C4D-4595-81BE-94ED76E7EB63}.Release|Any CPU.Build.0 = Release|Any CPU
	EndGlobalSection
	GlobalSection(SolutionProperties) = preSolution
		HideSolutionNode = FALSE
	EndGlobalSection
	GlobalSection(ExtensibilityGlobals) = postSolution
		SolutionGuid = {08A07D88-3956-43BD-A7A1-F1EA2C766049}
	EndGlobalSection
EndGlobal
